
Microsoft Visual Studio Solution File, Format Version 12.00
# Visual Studio Version 17
VisualStudioVersion = 17.10.35122.118
MinimumVisualStudioVersion = 10.0.40219.1
Project("{9A19103F-16F7-4668-BE54-9A1E7A4F7556}") = "HotelFinderAPI", "HotelFinder\HotelFinderAPI.csproj", "{E18FABBA-475E-45AC-B2C2-B9D7477DF7C3}"
EndProject
Project("{9A19103F-16F7-4668-BE54-9A1E7A4F7556}") = "Domain", "Domain\Domain.csproj", "{B64C0138-6AF0-4192-A379-14D9A292A7FF}"
EndProject
Project("{9A19103F-16F7-4668-BE54-9A1E7A4F7556}") = "Persistance", "Persistance\Persistance.csproj", "{9CE76077-6775-474D-97F5-8D53A475025F}"
EndProject
Project("{E53339B2-1760-4266-BCC7-CA923CBCF16C}") = "docker-compose", "docker-compose.dcproj", "{AD85703A-9859-4638-9FE7-DCCB2DE499DF}"
EndProject
Project("{2150E333-8FDC-42A3-9474-1A3956D46DE8}") = "Solution Items", "Solution Items", "{DC7E2739-0061-4DA9-969D-7C0C8DFD5CF8}"
	ProjectSection(SolutionItems) = preProject
		.gitignore = .gitignore
		README.md = README.md
	EndProjectSection
EndProject
Global
	GlobalSection(SolutionConfigurationPlatforms) = preSolution
		Debug|Any CPU = Debug|Any CPU
		Release|Any CPU = Release|Any CPU
	EndGlobalSection
	GlobalSection(ProjectConfigurationPlatforms) = postSolution
		{E18FABBA-475E-45AC-B2C2-B9D7477DF7C3}.Debug|Any CPU.ActiveCfg = Debug|Any CPU
		{E18FABBA-475E-45AC-B2C2-B9D7477DF7C3}.Debug|Any CPU.Build.0 = Debug|Any CPU
		{E18FABBA-475E-45AC-B2C2-B9D7477DF7C3}.Release|Any CPU.ActiveCfg = Release|Any CPU
		{E18FABBA-475E-45AC-B2C2-B9D7477DF7C3}.Release|Any CPU.Build.0 = Release|Any CPU
		{B64C0138-6AF0-4192-A379-14D9A292A7FF}.Debug|Any CPU.ActiveCfg = Debug|Any CPU
		{B64C0138-6AF0-4192-A379-14D9A292A7FF}.Debug|Any CPU.Build.0 = Debug|Any CPU
		{B64C0138-6AF0-4192-A379-14D9A292A7FF}.Release|Any CPU.ActiveCfg = Release|Any CPU
		{B64C0138-6AF0-4192-A379-14D9A292A7FF}.Release|Any CPU.Build.0 = Release|Any CPU
		{9CE76077-6775-474D-97F5-8D53A475025F}.Debug|Any CPU.ActiveCfg = Debug|Any CPU
		{9CE76077-6775-474D-97F5-8D53A475025F}.Debug|Any CPU.Build.0 = Debug|Any CPU
		{9CE76077-6775-474D-97F5-8D53A475025F}.Release|Any CPU.ActiveCfg = Release|Any CPU
		{9CE76077-6775-474D-97F5-8D53A475025F}.Release|Any CPU.Build.0 = Release|Any CPU
		{AD85703A-9859-4638-9FE7-DCCB2DE499DF}.Debug|Any CPU.ActiveCfg = Debug|Any CPU
		{AD85703A-9859-4638-9FE7-DCCB2DE499DF}.Debug|Any CPU.Build.0 = Debug|Any CPU
		{AD85703A-9859-4638-9FE7-DCCB2DE499DF}.Release|Any CPU.ActiveCfg = Release|Any CPU
		{AD85703A-9859-4638-9FE7-DCCB2DE499DF}.Release|Any CPU.Build.0 = Release|Any CPU
	EndGlobalSection
	GlobalSection(SolutionProperties) = preSolution
		HideSolutionNode = FALSE
	EndGlobalSection
	GlobalSection(ExtensibilityGlobals) = postSolution
		SolutionGuid = {BD3000C3-6D03-49B0-A918-7FA046659429}
	EndGlobalSection
EndGlobal
